
Microsoft Visual Studio Solution File, Format Version 12.00
# Visual Studio Version 16
VisualStudioVersion = 16.0.32228.343
MinimumVisualStudioVersion = 10.0.40219.1
Project("{FAE04EC0-301F-11D3-BF4B-00C04F79EFBC}") = "WpfWireframes", "WpfWireframes\WpfWireframes.csproj", "{BCF1F7AE-711A-4BEE-B59E-04D3EAEB716C}"
EndProject
Global
	GlobalSection(SolutionConfigurationPlatforms) = preSolution
		Debug|Any CPU = Debug|Any CPU
		Release|Any CPU = Release|Any CPU
	EndGlobalSection
	GlobalSection(ProjectConfigurationPlatforms) = postSolution
		{BCF1F7AE-711A-4BEE-B59E-04D3EAEB716C}.Debug|Any CPU.ActiveCfg = Debug|Any CPU
		{BCF1F7AE-711A-4BEE-B59E-04D3EAEB716C}.Debug|Any CPU.Build.0 = Debug|Any CPU
		{BCF1F7AE-711A-4BEE-B59E-04D3EAEB716C}.Release|Any CPU.ActiveCfg = Release|Any CPU
		{BCF1F7AE-711A-4BEE-B59E-04D3EAEB716C}.Release|Any CPU.Build.0 = Release|Any CPU
	EndGlobalSection
	GlobalSection(SolutionProperties) = preSolution
		HideSolutionNode = FALSE
	EndGlobalSection
	GlobalSection(ExtensibilityGlobals) = postSolution
		SolutionGuid = {2760775B-F20B-4B8C-8CA6-F65510742A22}
	EndGlobalSection
EndGlobal
